// !$*UTF8*$!
{
	archiveVersion = 1;
	classes = {
	};
	objectVersion = 55;
	objects = {

/* Begin PBXBuildFile section */
		6E3D2C0927A9DD5D00EDDBBA /* TimeConverter.swift in Sources */ = {isa = PBXBuildFile; fileRef = 6E3D2C0827A9DD5D00EDDBBA /* TimeConverter.swift */; };
		6E3D59D527A62F6A009E636B /* SunCell.swift in Sources */ = {isa = PBXBuildFile; fileRef = 6E3D59D427A62F6A009E636B /* SunCell.swift */; };
		6E3D59D727A65545009E636B /* SunModel.swift in Sources */ = {isa = PBXBuildFile; fileRef = 6E3D59D627A65545009E636B /* SunModel.swift */; };
		6E50024C27A5F2E40014D035 /* SunData.swift in Sources */ = {isa = PBXBuildFile; fileRef = 6E50024B27A5F2E40014D035 /* SunData.swift */; };
		6E672A6C27A5D15B00AC25B2 /* AppDelegate.swift in Sources */ = {isa = PBXBuildFile; fileRef = 6E672A6B27A5D15B00AC25B2 /* AppDelegate.swift */; };
		6E672A6E27A5D15B00AC25B2 /* SceneDelegate.swift in Sources */ = {isa = PBXBuildFile; fileRef = 6E672A6D27A5D15B00AC25B2 /* SceneDelegate.swift */; };
		6E672A7027A5D15B00AC25B2 /* ViewController.swift in Sources */ = {isa = PBXBuildFile; fileRef = 6E672A6F27A5D15B00AC25B2 /* ViewController.swift */; };
		6E672A7527A5D15C00AC25B2 /* Assets.xcassets in Resources */ = {isa = PBXBuildFile; fileRef = 6E672A7427A5D15C00AC25B2 /* Assets.xcassets */; };
		6E672A7827A5D15C00AC25B2 /* LaunchScreen.storyboard in Resources */ = {isa = PBXBuildFile; fileRef = 6E672A7627A5D15C00AC25B2 /* LaunchScreen.storyboard */; };
		6E672A8027A5F22500AC25B2 /* SunTimesManager.swift in Sources */ = {isa = PBXBuildFile; fileRef = 6E672A7F27A5F22500AC25B2 /* SunTimesManager.swift */; };
		6ED62D1D2877B6E5004EC9D4 /* AppButtons.swift in Sources */ = {isa = PBXBuildFile; fileRef = 6ED62D1C2877B6E5004EC9D4 /* AppButtons.swift */; };
		6ED62D1F2877B8AF004EC9D4 /* AppLabels.swift in Sources */ = {isa = PBXBuildFile; fileRef = 6ED62D1E2877B8AF004EC9D4 /* AppLabels.swift */; };
/* End PBXBuildFile section */

/* Begin PBXFileReference section */
		6E3D2C0827A9DD5D00EDDBBA /* TimeConverter.swift */ = {isa = PBXFileReference; lastKnownFileType = sourcecode.swift; path = TimeConverter.swift; sourceTree = "<group>"; };
		6E3D59D427A62F6A009E636B /* SunCell.swift */ = {isa = PBXFileReference; lastKnownFileType = sourcecode.swift; path = SunCell.swift; sourceTree = "<group>"; };
		6E3D59D627A65545009E636B /* SunModel.swift */ = {isa = PBXFileReference; lastKnownFileType = sourcecode.swift; path = SunModel.swift; sourceTree = "<group>"; };
		6E50024B27A5F2E40014D035 /* SunData.swift */ = {isa = PBXFileReference; lastKnownFileType = sourcecode.swift; path = SunData.swift; sourceTree = "<group>"; };
		6E672A6827A5D15B00AC25B2 /* sunRiseSet.app */ = {isa = PBXFileReference; explicitFileType = wrapper.application; includeInIndex = 0; path = sunRiseSet.app; sourceTree = BUILT_PRODUCTS_DIR; };
		6E672A6B27A5D15B00AC25B2 /* AppDelegate.swift */ = {isa = PBXFileReference; lastKnownFileType = sourcecode.swift; path = AppDelegate.swift; sourceTree = "<group>"; };
		6E672A6D27A5D15B00AC25B2 /* SceneDelegate.swift */ = {isa = PBXFileReference; lastKnownFileType = sourcecode.swift; path = SceneDelegate.swift; sourceTree = "<group>"; };
		6E672A6F27A5D15B00AC25B2 /* ViewController.swift */ = {isa = PBXFileReference; lastKnownFileType = sourcecode.swift; path = ViewController.swift; sourceTree = "<group>"; };
		6E672A7427A5D15C00AC25B2 /* Assets.xcassets */ = {isa = PBXFileReference; lastKnownFileType = folder.assetcatalog; path = Assets.xcassets; sourceTree = "<group>"; };
		6E672A7727A5D15C00AC25B2 /* Base */ = {isa = PBXFileReference; lastKnownFileType = file.storyboard; name = Base; path = Base.lproj/LaunchScreen.storyboard; sourceTree = "<group>"; };
		6E672A7927A5D15C00AC25B2 /* Info.plist */ = {isa = PBXFileReference; lastKnownFileType = text.plist.xml; path = Info.plist; sourceTree = "<group>"; };
		6E672A7F27A5F22500AC25B2 /* SunTimesManager.swift */ = {isa = PBXFileReference; lastKnownFileType = sourcecode.swift; path = SunTimesManager.swift; sourceTree = "<group>"; };
		6ED62D1C2877B6E5004EC9D4 /* AppButtons.swift */ = {isa = PBXFileReference; lastKnownFileType = sourcecode.swift; path = AppButtons.swift; sourceTree = "<group>"; };
		6ED62D1E2877B8AF004EC9D4 /* AppLabels.swift */ = {isa = PBXFileReference; lastKnownFileType = sourcecode.swift; path = AppLabels.swift; sourceTree = "<group>"; };
/* End PBXFileReference section */

/* Begin PBXFrameworksBuildPhase section */
		6E672A6527A5D15B00AC25B2 /* Frameworks */ = {
			isa = PBXFrameworksBuildPhase;
			buildActionMask = 2147483647;
			files = (
			);
			runOnlyForDeploymentPostprocessing = 0;
		};
/* End PBXFrameworksBuildPhase section */

/* Begin PBXGroup section */
		6E3D2C0627A9DCE300EDDBBA /* Model */ = {
			isa = PBXGroup;
			children = (
				6E672A7F27A5F22500AC25B2 /* SunTimesManager.swift */,
				6E3D2C0827A9DD5D00EDDBBA /* TimeConverter.swift */,
				6E50024B27A5F2E40014D035 /* SunData.swift */,
				6E3D59D627A65545009E636B /* SunModel.swift */,
			);
			path = Model;
			sourceTree = "<group>";
		};
		6E3D2C0727A9DCFD00EDDBBA /* Controller */ = {
			isa = PBXGroup;
			children = (
				6E672A6F27A5D15B00AC25B2 /* ViewController.swift */,
				6E3D59D427A62F6A009E636B /* SunCell.swift */,
			);
			path = Controller;
			sourceTree = "<group>";
		};
		6E672A5F27A5D15B00AC25B2 = {
			isa = PBXGroup;
			children = (
				6E672A6A27A5D15B00AC25B2 /* sunRiseSet */,
				6E672A6927A5D15B00AC25B2 /* Products */,
			);
			sourceTree = "<group>";
		};
		6E672A6927A5D15B00AC25B2 /* Products */ = {
			isa = PBXGroup;
			children = (
				6E672A6827A5D15B00AC25B2 /* sunRiseSet.app */,
			);
			name = Products;
			sourceTree = "<group>";
		};
		6E672A6A27A5D15B00AC25B2 /* sunRiseSet */ = {
			isa = PBXGroup;
			children = (
				6E672A6B27A5D15B00AC25B2 /* AppDelegate.swift */,
				6E672A6D27A5D15B00AC25B2 /* SceneDelegate.swift */,
				6ED62D1B2877B3CC004EC9D4 /* Views */,
				6E3D2C0727A9DCFD00EDDBBA /* Controller */,
				6E3D2C0627A9DCE300EDDBBA /* Model */,
				6E672A7427A5D15C00AC25B2 /* Assets.xcassets */,
				6E672A7627A5D15C00AC25B2 /* LaunchScreen.storyboard */,
				6E672A7927A5D15C00AC25B2 /* Info.plist */,
			);
			path = sunRiseSet;
			sourceTree = "<group>";
		};
		6ED62D1B2877B3CC004EC9D4 /* Views */ = {
			isa = PBXGroup;
			children = (
				6ED62D1C2877B6E5004EC9D4 /* AppButtons.swift */,
				6ED62D1E2877B8AF004EC9D4 /* AppLabels.swift */,
			);
			path = Views;
			sourceTree = "<group>";
		};
/* End PBXGroup section */

/* Begin PBXNativeTarget section */
		6E672A6727A5D15B00AC25B2 /* sunRiseSet */ = {
			isa = PBXNativeTarget;
			buildConfigurationList = 6E672A7C27A5D15C00AC25B2 /* Build configuration list for PBXNativeTarget "sunRiseSet" */;
			buildPhases = (
				6E672A6427A5D15B00AC25B2 /* Sources */,
				6E672A6527A5D15B00AC25B2 /* Frameworks */,
				6E672A6627A5D15B00AC25B2 /* Resources */,
			);
			buildRules = (
			);
			dependencies = (
			);
			name = sunRiseSet;
			productName = sunRiseSet;
			productReference = 6E672A6827A5D15B00AC25B2 /* sunRiseSet.app */;
			productType = "com.apple.product-type.application";
		};
/* End PBXNativeTarget section */

/* Begin PBXProject section */
		6E672A6027A5D15B00AC25B2 /* Project object */ = {
			isa = PBXProject;
			attributes = {
				BuildIndependentTargetsInParallel = 1;
				LastSwiftUpdateCheck = 1320;
				LastUpgradeCheck = 1320;
				TargetAttributes = {
					6E672A6727A5D15B00AC25B2 = {
						CreatedOnToolsVersion = 13.2.1;
					};
				};
			};
			buildConfigurationList = 6E672A6327A5D15B00AC25B2 /* Build configuration list for PBXProject "sunRiseSet" */;
			compatibilityVersion = "Xcode 13.0";
			developmentRegion = en;
			hasScannedForEncodings = 0;
			knownRegions = (
				en,
				Base,
			);
			mainGroup = 6E672A5F27A5D15B00AC25B2;
			productRefGroup = 6E672A6927A5D15B00AC25B2 /* Products */;
			projectDirPath = "";
			projectRoot = "";
			targets = (
				6E672A6727A5D15B00AC25B2 /* sunRiseSet */,
			);
		};
/* End PBXProject section */

/* Begin PBXResourcesBuildPhase section */
		6E672A6627A5D15B00AC25B2 /* Resources */ = {
			isa = PBXResourcesBuildPhase;
			buildActionMask = 2147483647;
			files = (
				6E672A7827A5D15C00AC25B2 /* LaunchScreen.storyboard in Resources */,
				6E672A7527A5D15C00AC25B2 /* Assets.xcassets in Resources */,
			);
			runOnlyForDeploymentPostprocessing = 0;
		};
/* End PBXResourcesBuildPhase section */

/* Begin PBXSourcesBuildPhase section */
		6E672A6427A5D15B00AC25B2 /* Sources */ = {
			isa = PBXSourcesBuildPhase;
			buildActionMask = 2147483647;
			files = (
				6E672A7027A5D15B00AC25B2 /* ViewController.swift in Sources */,
				6ED62D1D2877B6E5004EC9D4 /* AppButtons.swift in Sources */,
				6ED62D1F2877B8AF004EC9D4 /* AppLabels.swift in Sources */,
				6E672A6C27A5D15B00AC25B2 /* AppDelegate.swift in Sources */,
				6E3D59D527A62F6A009E636B /* SunCell.swift in Sources */,
				6E3D59D727A65545009E636B /* SunModel.swift in Sources */,
				6E672A6E27A5D15B00AC25B2 /* SceneDelegate.swift in Sources */,
				6E3D2C0927A9DD5D00EDDBBA /* TimeConverter.swift in Sources */,
				6E672A8027A5F22500AC25B2 /* SunTimesManager.swift in Sources */,
				6E50024C27A5F2E40014D035 /* SunData.swift in Sources */,
			);
			runOnlyForDeploymentPostprocessing = 0;
		};
/* End PBXSourcesBuildPhase section */

/* Begin PBXVariantGroup section */
		6E672A7627A5D15C00AC25B2 /* LaunchScreen.storyboard */ = {
			isa = PBXVariantGroup;
			children = (
				6E672A7727A5D15C00AC25B2 /* Base */,
			);
			name = LaunchScreen.storyboard;
			sourceTree = "<group>";
		};
/* End PBXVariantGroup section */

/* Begin XCBuildConfiguration section */
		6E672A7A27A5D15C00AC25B2 /* Debug */ = {
			isa = XCBuildConfiguration;
			buildSettings = {
				ALWAYS_SEARCH_USER_PATHS = NO;
				CLANG_ANALYZER_NONNULL = YES;
				CLANG_ANALYZER_NUMBER_OBJECT_CONVERSION = YES_AGGRESSIVE;
				CLANG_CXX_LANGUAGE_STANDARD = "gnu++17";
				CLANG_CXX_LIBRARY = "libc++";
				CLANG_ENABLE_MODULES = YES;
				CLANG_ENABLE_OBJC_ARC = YES;
				CLANG_ENABLE_OBJC_WEAK = YES;
				CLANG_WARN_BLOCK_CAPTURE_AUTORELEASING = YES;
				CLANG_WARN_BOOL_CONVERSION = YES;
				CLANG_WARN_COMMA = YES;
				CLANG_WARN_CONSTANT_CONVERSION = YES;
				CLANG_WARN_DEPRECATED_OBJC_IMPLEMENTATIONS = YES;
				CLANG_WARN_DIRECT_OBJC_ISA_USAGE = YES_ERROR;
				CLANG_WARN_DOCUMENTATION_COMMENTS = YES;
				CLANG_WARN_EMPTY_BODY = YES;
				CLANG_WARN_ENUM_CONVERSION = YES;
				CLANG_WARN_INFINITE_RECURSION = YES;
				CLANG_WARN_INT_CONVERSION = YES;
				CLANG_WARN_NON_LITERAL_NULL_CONVERSION = YES;
				CLANG_WARN_OBJC_IMPLICIT_RETAIN_SELF = YES;
				CLANG_WARN_OBJC_LITERAL_CONVERSION = YES;
				CLANG_WARN_OBJC_ROOT_CLASS = YES_ERROR;
				CLANG_WARN_QUOTED_INCLUDE_IN_FRAMEWORK_HEADER = YES;
				CLANG_WARN_RANGE_LOOP_ANALYSIS = YES;
				CLANG_WARN_STRICT_PROTOTYPES = YES;
				CLANG_WARN_SUSPICIOUS_MOVE = YES;
				CLANG_WARN_UNGUARDED_AVAILABILITY = YES_AGGRESSIVE;
				CLANG_WARN_UNREACHABLE_CODE = YES;
				CLANG_WARN__DUPLICATE_METHOD_MATCH = YES;
				COPY_PHASE_STRIP = NO;
				DEBUG_INFORMATION_FORMAT = dwarf;
				ENABLE_STRICT_OBJC_MSGSEND = YES;
				ENABLE_TESTABILITY = YES;
				GCC_C_LANGUAGE_STANDARD = gnu11;
				GCC_DYNAMIC_NO_PIC = NO;
				GCC_NO_COMMON_BLOCKS = YES;
				GCC_OPTIMIZATION_LEVEL = 0;
				GCC_PREPROCESSOR_DEFINITIONS = (
					"DEBUG=1",
					"$(inherited)",
				);
				GCC_WARN_64_TO_32_BIT_CONVERSION = YES;
				GCC_WARN_ABOUT_RETURN_TYPE = YES_ERROR;
				GCC_WARN_UNDECLARED_SELECTOR = YES;
				GCC_WARN_UNINITIALIZED_AUTOS = YES_AGGRESSIVE;
				GCC_WARN_UNUSED_FUNCTION = YES;
				GCC_WARN_UNUSED_VARIABLE = YES;
				IPHONEOS_DEPLOYMENT_TARGET = 15.0;
				MTL_ENABLE_DEBUG_INFO = INCLUDE_SOURCE;
				MTL_FAST_MATH = YES;
				ONLY_ACTIVE_ARCH = YES;
				SDKROOT = iphoneos;
				SWIFT_ACTIVE_COMPILATION_CONDITIONS = DEBUG;
				SWIFT_OPTIMIZATION_LEVEL = "-Onone";
			};
			name = Debug;
		};
		6E672A7B27A5D15C00AC25B2 /* Release */ = {
			isa = XCBuildConfiguration;
			buildSettings = {
				ALWAYS_SEARCH_USER_PATHS = NO;
				CLANG_ANALYZER_NONNULL = YES;
				CLANG_ANALYZER_NUMBER_OBJECT_CONVERSION = YES_AGGRESSIVE;
				CLANG_CXX_LANGUAGE_STANDARD = "gnu++17";
				CLANG_CXX_LIBRARY = "libc++";
				CLANG_ENABLE_MODULES = YES;
				CLANG_ENABLE_OBJC_ARC = YES;
				CLANG_ENABLE_OBJC_WEAK = YES;
				CLANG_WARN_BLOCK_CAPTURE_AUTORELEASING = YES;
				CLANG_WARN_BOOL_CONVERSION = YES;
				CLANG_WARN_COMMA = YES;
				CLANG_WARN_CONSTANT_CONVERSION = YES;
				CLANG_WARN_DEPRECATED_OBJC_IMPLEMENTATIONS = YES;
				CLANG_WARN_DIRECT_OBJC_ISA_USAGE = YES_ERROR;
				CLANG_WARN_DOCUMENTATION_COMMENTS = YES;
				CLANG_WARN_EMPTY_BODY = YES;
				CLANG_WARN_ENUM_CONVERSION = YES;
				CLANG_WARN_INFINITE_RECURSION = YES;
				CLANG_WARN_INT_CONVERSION = YES;
				CLANG_WARN_NON_LITERAL_NULL_CONVERSION = YES;
				CLANG_WARN_OBJC_IMPLICIT_RETAIN_SELF = YES;
				CLANG_WARN_OBJC_LITERAL_CONVERSION = YES;
				CLANG_WARN_OBJC_ROOT_CLASS = YES_ERROR;
				CLANG_WARN_QUOTED_INCLUDE_IN_FRAMEWORK_HEADER = YES;
				CLANG_WARN_RANGE_LOOP_ANALYSIS = YES;
				CLANG_WARN_STRICT_PROTOTYPES = YES;
				CLANG_WARN_SUSPICIOUS_MOVE = YES;
				CLANG_WARN_UNGUARDED_AVAILABILITY = YES_AGGRESSIVE;
				CLANG_WARN_UNREACHABLE_CODE = YES;
				CLANG_WARN__DUPLICATE_METHOD_MATCH = YES;
				COPY_PHASE_STRIP = NO;
				DEBUG_INFORMATION_FORMAT = "dwarf-with-dsym";
				ENABLE_NS_ASSERTIONS = NO;
				ENABLE_STRICT_OBJC_MSGSEND = YES;
				GCC_C_LANGUAGE_STANDARD = gnu11;
				GCC_NO_COMMON_BLOCKS = YES;
				GCC_WARN_64_TO_32_BIT_CONVERSION = YES;
				GCC_WARN_ABOUT_RETURN_TYPE = YES_ERROR;
				GCC_WARN_UNDECLARED_SELECTOR = YES;
				GCC_WARN_UNINITIALIZED_AUTOS = YES_AGGRESSIVE;
				GCC_WARN_UNUSED_FUNCTION = YES;
				GCC_WARN_UNUSED_VARIABLE = YES;
				IPHONEOS_DEPLOYMENT_TARGET = 15.0;
				MTL_ENABLE_DEBUG_INFO = NO;
				MTL_FAST_MATH = YES;
				SDKROOT = iphoneos;
				SWIFT_COMPILATION_MODE = wholemodule;
				SWIFT_OPTIMIZATION_LEVEL = "-O";
				VALIDATE_PRODUCT = YES;
			};
			name = Release;
		};
		6E672A7D27A5D15C00AC25B2 /* Debug */ = {
			isa = XCBuildConfiguration;
			buildSettings = {
				ASSETCATALOG_COMPILER_APPICON_NAME = AppIcon;
				ASSETCATALOG_COMPILER_GLOBAL_ACCENT_COLOR_NAME = AccentColor;
				CODE_SIGN_STYLE = Automatic;
				CURRENT_PROJECT_VERSION = 3;
				DEVELOPMENT_TEAM = 64SV43AR2Z;
				GENERATE_INFOPLIST_FILE = YES;
				INFOPLIST_FILE = sunRiseSet/Info.plist;
				INFOPLIST_KEY_CFBundleDisplayName = SunTimes;
				INFOPLIST_KEY_NSLocationWhenInUseUsageDescription = "We'd like to use your location to help you find the local sunset or sunrise";
				INFOPLIST_KEY_UIApplicationSupportsIndirectInputEvents = YES;
				INFOPLIST_KEY_UILaunchStoryboardName = LaunchScreen;
				INFOPLIST_KEY_UISupportedInterfaceOrientations = UIInterfaceOrientationPortrait;
				INFOPLIST_KEY_UISupportedInterfaceOrientations_iPad = "UIInterfaceOrientationPortrait UIInterfaceOrientationPortraitUpsideDown UIInterfaceOrientationLandscapeLeft UIInterfaceOrientationLandscapeRight";
				INFOPLIST_KEY_UISupportedInterfaceOrientations_iPhone = "UIInterfaceOrientationPortrait UIInterfaceOrientationLandscapeLeft UIInterfaceOrientationLandscapeRight";
				IPHONEOS_DEPLOYMENT_TARGET = 14.0;
				LD_RUNPATH_SEARCH_PATHS = (
					"$(inherited)",
					"@executable_path/Frameworks",
				);
				MARKETING_VERSION = 1.01;
				PRODUCT_BUNDLE_IDENTIFIER = DChester.sunRiseSet;
				PRODUCT_NAME = "$(TARGET_NAME)";
				SWIFT_EMIT_LOC_STRINGS = YES;
				SWIFT_VERSION = 5.0;
				TARGETED_DEVICE_FAMILY = 1;
			};
			name = Debug;
		};
		6E672A7E27A5D15C00AC25B2 /* Release */ = {
			isa = XCBuildConfiguration;
			buildSettings = {
				ASSETCATALOG_COMPILER_APPICON_NAME = AppIcon;
				ASSETCATALOG_COMPILER_GLOBAL_ACCENT_COLOR_NAME = AccentColor;
				CODE_SIGN_STYLE = Automatic;
				CURRENT_PROJECT_VERSION = 3;
				DEVELOPMENT_TEAM = 64SV43AR2Z;
				GENERATE_INFOPLIST_FILE = YES;
				INFOPLIST_FILE = sunRiseSet/Info.plist;
				INFOPLIST_KEY_CFBundleDisplayName = SunTimes;
				INFOPLIST_KEY_NSLocationWhenInUseUsageDescription = "We'd like to use your location to help you find the local sunset or sunrise";
				INFOPLIST_KEY_UIApplicationSupportsIndirectInputEvents = YES;
				INFOPLIST_KEY_UILaunchStoryboardName = LaunchScreen;
				INFOPLIST_KEY_UISupportedInterfaceOrientations = UIInterfaceOrientationPortrait;
				INFOPLIST_KEY_UISupportedInterfaceOrientations_iPad = "UIInterfaceOrientationPortrait UIInterfaceOrientationPortraitUpsideDown UIInterfaceOrientationLandscapeLeft UIInterfaceOrientationLandscapeRight";
				INFOPLIST_KEY_UISupportedInterfaceOrientations_iPhone = "UIInterfaceOrientationPortrait UIInterfaceOrientationLandscapeLeft UIInterfaceOrientationLandscapeRight";
				IPHONEOS_DEPLOYMENT_TARGET = 14.0;
				LD_RUNPATH_SEARCH_PATHS = (
					"$(inherited)",
					"@executable_path/Frameworks",
				);
				MARKETING_VERSION = 1.01;
				PRODUCT_BUNDLE_IDENTIFIER = DChester.sunRiseSet;
				PRODUCT_NAME = "$(TARGET_NAME)";
				SWIFT_EMIT_LOC_STRINGS = YES;
				SWIFT_VERSION = 5.0;
				TARGETED_DEVICE_FAMILY = 1;
			};
			name = Release;
		};
/* End XCBuildConfiguration section */

/* Begin XCConfigurationList section */
		6E672A6327A5D15B00AC25B2 /* Build configuration list for PBXProject "sunRiseSet" */ = {
			isa = XCConfigurationList;
			buildConfigurations = (
				6E672A7A27A5D15C00AC25B2 /* Debug */,
				6E672A7B27A5D15C00AC25B2 /* Release */,
			);
			defaultConfigurationIsVisible = 0;
			defaultConfigurationName = Release;
		};
		6E672A7C27A5D15C00AC25B2 /* Build configuration list for PBXNativeTarget "sunRiseSet" */ = {
			isa = XCConfigurationList;
			buildConfigurations = (
				6E672A7D27A5D15C00AC25B2 /* Debug */,
				6E672A7E27A5D15C00AC25B2 /* Release */,
			);
			defaultConfigurationIsVisible = 0;
			defaultConfigurationName = Release;
		};
/* End XCConfigurationList section */
	};
	rootObject = 6E672A6027A5D15B00AC25B2 /* Project object */;
}
